
Microsoft Visual Studio Solution File, Format Version 12.00
# Visual Studio Version 16
VisualStudioVersion = 16.0.30804.86
MinimumVisualStudioVersion = 10.0.40219.1
Project("{9A19103F-16F7-4668-BE54-9A1E7A4F7556}") = "Languages31.Server", "Languages31\Server\Languages31.Server.csproj", "{B3737B83-DAE6-4706-A603-E48E79BC2BA3}"
EndProject
Project("{9A19103F-16F7-4668-BE54-9A1E7A4F7556}") = "Languages31.Client", "Languages31\Client\Languages31.Client.csproj", "{EB031920-D745-4E9C-A7BF-FEDB0540812E}"
EndProject
Project("{9A19103F-16F7-4668-BE54-9A1E7A4F7556}") = "Languages31.Shared", "Languages31\Shared\Languages31.Shared.csproj", "{1B8A9F20-A6B3-49D6-BDEE-56E8D070F97B}"
EndProject
Global
	GlobalSection(SolutionConfigurationPlatforms) = preSolution
		Debug|Any CPU = Debug|Any CPU
		Release|Any CPU = Release|Any CPU
	EndGlobalSection
	GlobalSection(ProjectConfigurationPlatforms) = postSolution
		{B3737B83-DAE6-4706-A603-E48E79BC2BA3}.Debug|Any CPU.ActiveCfg = Debug|Any CPU
		{B3737B83-DAE6-4706-A603-E48E79BC2BA3}.Debug|Any CPU.Build.0 = Debug|Any CPU
		{B3737B83-DAE6-4706-A603-E48E79BC2BA3}.Release|Any CPU.ActiveCfg = Release|Any CPU
		{B3737B83-DAE6-4706-A603-E48E79BC2BA3}.Release|Any CPU.Build.0 = Release|Any CPU
		{EB031920-D745-4E9C-A7BF-FEDB0540812E}.Debug|Any CPU.ActiveCfg = Debug|Any CPU
		{EB031920-D745-4E9C-A7BF-FEDB0540812E}.Debug|Any CPU.Build.0 = Debug|Any CPU
		{EB031920-D745-4E9C-A7BF-FEDB0540812E}.Release|Any CPU.ActiveCfg = Release|Any CPU
		{EB031920-D745-4E9C-A7BF-FEDB0540812E}.Release|Any CPU.Build.0 = Release|Any CPU
		{1B8A9F20-A6B3-49D6-BDEE-56E8D070F97B}.Debug|Any CPU.ActiveCfg = Debug|Any CPU
		{1B8A9F20-A6B3-49D6-BDEE-56E8D070F97B}.Debug|Any CPU.Build.0 = Debug|Any CPU
		{1B8A9F20-A6B3-49D6-BDEE-56E8D070F97B}.Release|Any CPU.ActiveCfg = Release|Any CPU
		{1B8A9F20-A6B3-49D6-BDEE-56E8D070F97B}.Release|Any CPU.Build.0 = Release|Any CPU
	EndGlobalSection
	GlobalSection(SolutionProperties) = preSolution
		HideSolutionNode = FALSE
	EndGlobalSection
	GlobalSection(ExtensibilityGlobals) = postSolution
		SolutionGuid = {79A7E7D2-7416-409E-A1D4-8C7EF587B656}
	EndGlobalSection
EndGlobal
